
Microsoft Visual Studio Solution File, Format Version 12.00
# Visual Studio Version 17
VisualStudioVersion = 17.0.31903.59
MinimumVisualStudioVersion = 10.0.40219.1
Project("{2150E333-8FDC-42A3-9474-1A3956D46DE8}") = "src", "src", "{827E0CD3-B72D-47B6-A68D-7590B98EB39B}"
EndProject
Project("{FAE04EC0-301F-11D3-BF4B-00C04F79EFBC}") = "TriDict.Application", "src\TriDict.Application\TriDict.Application.csproj", "{F1CF3D43-F2ED-4DC4-A746-70FE8020FA21}"
EndProject
Project("{FAE04EC0-301F-11D3-BF4B-00C04F79EFBC}") = "TriDict.Application.Contracts", "src\TriDict.Application.Contracts\TriDict.Application.Contracts.csproj", "{EA11F1C8-4078-41CE-BBE3-23D68B00E259}"
EndProject
Project("{FAE04EC0-301F-11D3-BF4B-00C04F79EFBC}") = "TriDict.DbMigrator", "src\TriDict.DbMigrator\TriDict.DbMigrator.csproj", "{09355CC2-B121-46D1-971F-3E39DEC68111}"
EndProject
Project("{FAE04EC0-301F-11D3-BF4B-00C04F79EFBC}") = "TriDict.Domain", "src\TriDict.Domain\TriDict.Domain.csproj", "{07276D92-1F6E-4E6A-89A5-85BF653388A0}"
EndProject
Project("{FAE04EC0-301F-11D3-BF4B-00C04F79EFBC}") = "TriDict.Domain.Shared", "src\TriDict.Domain.Shared\TriDict.Domain.Shared.csproj", "{90EB6589-9C5A-40C7-BB5C-BEE7676E8C39}"
EndProject
Project("{FAE04EC0-301F-11D3-BF4B-00C04F79EFBC}") = "TriDict.EntityFrameworkCore", "src\TriDict.EntityFrameworkCore\TriDict.EntityFrameworkCore.csproj", "{D86E4580-F6E4-4618-B41A-E8C5FE7D5E17}"
EndProject
Project("{FAE04EC0-301F-11D3-BF4B-00C04F79EFBC}") = "TriDict.HttpApi", "src\TriDict.HttpApi\TriDict.HttpApi.csproj", "{5CD9F776-AE68-4C09-9C56-4B0766948209}"
EndProject
Project("{FAE04EC0-301F-11D3-BF4B-00C04F79EFBC}") = "TriDict.HttpApi.Host", "src\TriDict.HttpApi.Host\TriDict.HttpApi.Host.csproj", "{C1475DF9-F3A7-412D-88D0-777D9DDCE6C1}"
EndProject
Project("{2150E333-8FDC-42A3-9474-1A3956D46DE8}") = "tests", "tests", "{0AB3BF05-4346-4AA6-1389-037BE0695223}"
EndProject
Project("{FAE04EC0-301F-11D3-BF4B-00C04F79EFBC}") = "TriDict.Application.Tests", "tests\TriDict.Application.Tests\TriDict.Application.Tests.csproj", "{459CA1C8-B9F8-41EE-A92F-7ADCF1546CE1}"
EndProject
Project("{FAE04EC0-301F-11D3-BF4B-00C04F79EFBC}") = "TriDict.Domain.Tests", "tests\TriDict.Domain.Tests\TriDict.Domain.Tests.csproj", "{92FEFA83-DDDB-4764-9749-4A42F21AFD42}"
EndProject
Project("{FAE04EC0-301F-11D3-BF4B-00C04F79EFBC}") = "TriDict.HttpApi.Tests", "tests\TriDict.HttpApi.Tests\TriDict.HttpApi.Tests.csproj", "{5E4EAD3C-0199-4D9B-B9C9-5CA5DE1F5E7F}"
EndProject
Global
	GlobalSection(SolutionConfigurationPlatforms) = preSolution
		Debug|Any CPU = Debug|Any CPU
		Debug|x64 = Debug|x64
		Debug|x86 = Debug|x86
		Release|Any CPU = Release|Any CPU
		Release|x64 = Release|x64
		Release|x86 = Release|x86
	EndGlobalSection
	GlobalSection(ProjectConfigurationPlatforms) = postSolution
		{F1CF3D43-F2ED-4DC4-A746-70FE8020FA21}.Debug|Any CPU.ActiveCfg = Debug|Any CPU
		{F1CF3D43-F2ED-4DC4-A746-70FE8020FA21}.Debug|Any CPU.Build.0 = Debug|Any CPU
		{F1CF3D43-F2ED-4DC4-A746-70FE8020FA21}.Debug|x64.ActiveCfg = Debug|Any CPU
		{F1CF3D43-F2ED-4DC4-A746-70FE8020FA21}.Debug|x64.Build.0 = Debug|Any CPU
		{F1CF3D43-F2ED-4DC4-A746-70FE8020FA21}.Debug|x86.ActiveCfg = Debug|Any CPU
		{F1CF3D43-F2ED-4DC4-A746-70FE8020FA21}.Debug|x86.Build.0 = Debug|Any CPU
		{F1CF3D43-F2ED-4DC4-A746-70FE8020FA21}.Release|Any CPU.ActiveCfg = Release|Any CPU
		{F1CF3D43-F2ED-4DC4-A746-70FE8020FA21}.Release|Any CPU.Build.0 = Release|Any CPU
		{F1CF3D43-F2ED-4DC4-A746-70FE8020FA21}.Release|x64.ActiveCfg = Release|Any CPU
		{F1CF3D43-F2ED-4DC4-A746-70FE8020FA21}.Release|x64.Build.0 = Release|Any CPU
		{F1CF3D43-F2ED-4DC4-A746-70FE8020FA21}.Release|x86.ActiveCfg = Release|Any CPU
		{F1CF3D43-F2ED-4DC4-A746-70FE8020FA21}.Release|x86.Build.0 = Release|Any CPU
		{EA11F1C8-4078-41CE-BBE3-23D68B00E259}.Debug|Any CPU.ActiveCfg = Debug|Any CPU
		{EA11F1C8-4078-41CE-BBE3-23D68B00E259}.Debug|Any CPU.Build.0 = Debug|Any CPU
		{EA11F1C8-4078-41CE-BBE3-23D68B00E259}.Debug|x64.ActiveCfg = Debug|Any CPU
		{EA11F1C8-4078-41CE-BBE3-23D68B00E259}.Debug|x64.Build.0 = Debug|Any CPU
		{EA11F1C8-4078-41CE-BBE3-23D68B00E259}.Debug|x86.ActiveCfg = Debug|Any CPU
		{EA11F1C8-4078-41CE-BBE3-23D68B00E259}.Debug|x86.Build.0 = Debug|Any CPU
		{EA11F1C8-4078-41CE-BBE3-23D68B00E259}.Release|Any CPU.ActiveCfg = Release|Any CPU
		{EA11F1C8-4078-41CE-BBE3-23D68B00E259}.Release|Any CPU.Build.0 = Release|Any CPU
		{EA11F1C8-4078-41CE-BBE3-23D68B00E259}.Release|x64.ActiveCfg = Release|Any CPU
		{EA11F1C8-4078-41CE-BBE3-23D68B00E259}.Release|x64.Build.0 = Release|Any CPU
		{EA11F1C8-4078-41CE-BBE3-23D68B00E259}.Release|x86.ActiveCfg = Release|Any CPU
		{EA11F1C8-4078-41CE-BBE3-23D68B00E259}.Release|x86.Build.0 = Release|Any CPU
		{09355CC2-B121-46D1-971F-3E39DEC68111}.Debug|Any CPU.ActiveCfg = Debug|Any CPU
		{09355CC2-B121-46D1-971F-3E39DEC68111}.Debug|Any CPU.Build.0 = Debug|Any CPU
		{09355CC2-B121-46D1-971F-3E39DEC68111}.Debug|x64.ActiveCfg = Debug|Any CPU
		{09355CC2-B121-46D1-971F-3E39DEC68111}.Debug|x64.Build.0 = Debug|Any CPU
		{09355CC2-B121-46D1-971F-3E39DEC68111}.Debug|x86.ActiveCfg = Debug|Any CPU
		{09355CC2-B121-46D1-971F-3E39DEC68111}.Debug|x86.Build.0 = Debug|Any CPU
		{09355CC2-B121-46D1-971F-3E39DEC68111}.Release|Any CPU.ActiveCfg = Release|Any CPU
		{09355CC2-B121-46D1-971F-3E39DEC68111}.Release|Any CPU.Build.0 = Release|Any CPU
		{09355CC2-B121-46D1-971F-3E39DEC68111}.Release|x64.ActiveCfg = Release|Any CPU
		{09355CC2-B121-46D1-971F-3E39DEC68111}.Release|x64.Build.0 = Release|Any CPU
		{09355CC2-B121-46D1-971F-3E39DEC68111}.Release|x86.ActiveCfg = Release|Any CPU
		{09355CC2-B121-46D1-971F-3E39DEC68111}.Release|x86.Build.0 = Release|Any CPU
		{07276D92-1F6E-4E6A-89A5-85BF653388A0}.Debug|Any CPU.ActiveCfg = Debug|Any CPU
		{07276D92-1F6E-4E6A-89A5-85BF653388A0}.Debug|Any CPU.Build.0 = Debug|Any CPU
		{07276D92-1F6E-4E6A-89A5-85BF653388A0}.Debug|x64.ActiveCfg = Debug|Any CPU
		{07276D92-1F6E-4E6A-89A5-85BF653388A0}.Debug|x64.Build.0 = Debug|Any CPU
		{07276D92-1F6E-4E6A-89A5-85BF653388A0}.Debug|x86.ActiveCfg = Debug|Any CPU
		{07276D92-1F6E-4E6A-89A5-85BF653388A0}.Debug|x86.Build.0 = Debug|Any CPU
		{07276D92-1F6E-4E6A-89A5-85BF653388A0}.Release|Any CPU.ActiveCfg = Release|Any CPU
		{07276D92-1F6E-4E6A-89A5-85BF653388A0}.Release|Any CPU.Build.0 = Release|Any CPU
		{07276D92-1F6E-4E6A-89A5-85BF653388A0}.Release|x64.ActiveCfg = Release|Any CPU
		{07276D92-1F6E-4E6A-89A5-85BF653388A0}.Release|x64.Build.0 = Release|Any CPU
		{07276D92-1F6E-4E6A-89A5-85BF653388A0}.Release|x86.ActiveCfg = Release|Any CPU
		{07276D92-1F6E-4E6A-89A5-85BF653388A0}.Release|x86.Build.0 = Release|Any CPU
		{90EB6589-9C5A-40C7-BB5C-BEE7676E8C39}.Debug|Any CPU.ActiveCfg = Debug|Any CPU
		{90EB6589-9C5A-40C7-BB5C-BEE7676E8C39}.Debug|Any CPU.Build.0 = Debug|Any CPU
		{90EB6589-9C5A-40C7-BB5C-BEE7676E8C39}.Debug|x64.ActiveCfg = Debug|Any CPU
		{90EB6589-9C5A-40C7-BB5C-BEE7676E8C39}.Debug|x64.Build.0 = Debug|Any CPU
		{90EB6589-9C5A-40C7-BB5C-BEE7676E8C39}.Debug|x86.ActiveCfg = Debug|Any CPU
		{90EB6589-9C5A-40C7-BB5C-BEE7676E8C39}.Debug|x86.Build.0 = Debug|Any CPU
		{90EB6589-9C5A-40C7-BB5C-BEE7676E8C39}.Release|Any CPU.ActiveCfg = Release|Any CPU
		{90EB6589-9C5A-40C7-BB5C-BEE7676E8C39}.Release|Any CPU.Build.0 = Release|Any CPU
		{90EB6589-9C5A-40C7-BB5C-BEE7676E8C39}.Release|x64.ActiveCfg = Release|Any CPU
		{90EB6589-9C5A-40C7-BB5C-BEE7676E8C39}.Release|x64.Build.0 = Release|Any CPU
		{90EB6589-9C5A-40C7-BB5C-BEE7676E8C39}.Release|x86.ActiveCfg = Release|Any CPU
		{90EB6589-9C5A-40C7-BB5C-BEE7676E8C39}.Release|x86.Build.0 = Release|Any CPU
		{D86E4580-F6E4-4618-B41A-E8C5FE7D5E17}.Debug|Any CPU.ActiveCfg = Debug|Any CPU
		{D86E4580-F6E4-4618-B41A-E8C5FE7D5E17}.Debug|Any CPU.Build.0 = Debug|Any CPU
		{D86E4580-F6E4-4618-B41A-E8C5FE7D5E17}.Debug|x64.ActiveCfg = Debug|Any CPU
		{D86E4580-F6E4-4618-B41A-E8C5FE7D5E17}.Debug|x64.Build.0 = Debug|Any CPU
		{D86E4580-F6E4-4618-B41A-E8C5FE7D5E17}.Debug|x86.ActiveCfg = Debug|Any CPU
		{D86E4580-F6E4-4618-B41A-E8C5FE7D5E17}.Debug|x86.Build.0 = Debug|Any CPU
		{D86E4580-F6E4-4618-B41A-E8C5FE7D5E17}.Release|Any CPU.ActiveCfg = Release|Any CPU
		{D86E4580-F6E4-4618-B41A-E8C5FE7D5E17}.Release|Any CPU.Build.0 = Release|Any CPU
		{D86E4580-F6E4-4618-B41A-E8C5FE7D5E17}.Release|x64.ActiveCfg = Release|Any CPU
		{D86E4580-F6E4-4618-B41A-E8C5FE7D5E17}.Release|x64.Build.0 = Release|Any CPU
		{D86E4580-F6E4-4618-B41A-E8C5FE7D5E17}.Release|x86.ActiveCfg = Release|Any CPU
		{D86E4580-F6E4-4618-B41A-E8C5FE7D5E17}.Release|x86.Build.0 = Release|Any CPU
		{5CD9F776-AE68-4C09-9C56-4B0766948209}.Debug|Any CPU.ActiveCfg = Debug|Any CPU
		{5CD9F776-AE68-4C09-9C56-4B0766948209}.Debug|Any CPU.Build.0 = Debug|Any CPU
		{5CD9F776-AE68-4C09-9C56-4B0766948209}.Debug|x64.ActiveCfg = Debug|Any CPU
		{5CD9F776-AE68-4C09-9C56-4B0766948209}.Debug|x64.Build.0 = Debug|Any CPU
		{5CD9F776-AE68-4C09-9C56-4B0766948209}.Debug|x86.ActiveCfg = Debug|Any CPU
		{5CD9F776-AE68-4C09-9C56-4B0766948209}.Debug|x86.Build.0 = Debug|Any CPU
		{5CD9F776-AE68-4C09-9C56-4B0766948209}.Release|Any CPU.ActiveCfg = Release|Any CPU
		{5CD9F776-AE68-4C09-9C56-4B0766948209}.Release|Any CPU.Build.0 = Release|Any CPU
		{5CD9F776-AE68-4C09-9C56-4B0766948209}.Release|x64.ActiveCfg = Release|Any CPU
		{5CD9F776-AE68-4C09-9C56-4B0766948209}.Release|x64.Build.0 = Release|Any CPU
		{5CD9F776-AE68-4C09-9C56-4B0766948209}.Release|x86.ActiveCfg = Release|Any CPU
		{5CD9F776-AE68-4C09-9C56-4B0766948209}.Release|x86.Build.0 = Release|Any CPU
		{C1475DF9-F3A7-412D-88D0-777D9DDCE6C1}.Debug|Any CPU.ActiveCfg = Debug|Any CPU
		{C1475DF9-F3A7-412D-88D0-777D9DDCE6C1}.Debug|Any CPU.Build.0 = Debug|Any CPU
		{C1475DF9-F3A7-412D-88D0-777D9DDCE6C1}.Debug|x64.ActiveCfg = Debug|Any CPU
		{C1475DF9-F3A7-412D-88D0-777D9DDCE6C1}.Debug|x64.Build.0 = Debug|Any CPU
		{C1475DF9-F3A7-412D-88D0-777D9DDCE6C1}.Debug|x86.ActiveCfg = Debug|Any CPU
		{C1475DF9-F3A7-412D-88D0-777D9DDCE6C1}.Debug|x86.Build.0 = Debug|Any CPU
		{C1475DF9-F3A7-412D-88D0-777D9DDCE6C1}.Release|Any CPU.ActiveCfg = Release|Any CPU
		{C1475DF9-F3A7-412D-88D0-777D9DDCE6C1}.Release|Any CPU.Build.0 = Release|Any CPU
		{C1475DF9-F3A7-412D-88D0-777D9DDCE6C1}.Release|x64.ActiveCfg = Release|Any CPU
		{C1475DF9-F3A7-412D-88D0-777D9DDCE6C1}.Release|x64.Build.0 = Release|Any CPU
		{C1475DF9-F3A7-412D-88D0-777D9DDCE6C1}.Release|x86.ActiveCfg = Release|Any CPU
		{C1475DF9-F3A7-412D-88D0-777D9DDCE6C1}.Release|x86.Build.0 = Release|Any CPU
		{459CA1C8-B9F8-41EE-A92F-7ADCF1546CE1}.Debug|Any CPU.ActiveCfg = Debug|Any CPU
		{459CA1C8-B9F8-41EE-A92F-7ADCF1546CE1}.Debug|Any CPU.Build.0 = Debug|Any CPU
		{459CA1C8-B9F8-41EE-A92F-7ADCF1546CE1}.Debug|x64.ActiveCfg = Debug|Any CPU
		{459CA1C8-B9F8-41EE-A92F-7ADCF1546CE1}.Debug|x64.Build.0 = Debug|Any CPU
		{459CA1C8-B9F8-41EE-A92F-7ADCF1546CE1}.Debug|x86.ActiveCfg = Debug|Any CPU
		{459CA1C8-B9F8-41EE-A92F-7ADCF1546CE1}.Debug|x86.Build.0 = Debug|Any CPU
		{459CA1C8-B9F8-41EE-A92F-7ADCF1546CE1}.Release|Any CPU.ActiveCfg = Release|Any CPU
		{459CA1C8-B9F8-41EE-A92F-7ADCF1546CE1}.Release|Any CPU.Build.0 = Release|Any CPU
		{459CA1C8-B9F8-41EE-A92F-7ADCF1546CE1}.Release|x64.ActiveCfg = Release|Any CPU
		{459CA1C8-B9F8-41EE-A92F-7ADCF1546CE1}.Release|x64.Build.0 = Release|Any CPU
		{459CA1C8-B9F8-41EE-A92F-7ADCF1546CE1}.Release|x86.ActiveCfg = Release|Any CPU
		{459CA1C8-B9F8-41EE-A92F-7ADCF1546CE1}.Release|x86.Build.0 = Release|Any CPU
		{92FEFA83-DDDB-4764-9749-4A42F21AFD42}.Debug|Any CPU.ActiveCfg = Debug|Any CPU
		{92FEFA83-DDDB-4764-9749-4A42F21AFD42}.Debug|Any CPU.Build.0 = Debug|Any CPU
		{92FEFA83-DDDB-4764-9749-4A42F21AFD42}.Debug|x64.ActiveCfg = Debug|Any CPU
		{92FEFA83-DDDB-4764-9749-4A42F21AFD42}.Debug|x64.Build.0 = Debug|Any CPU
		{92FEFA83-DDDB-4764-9749-4A42F21AFD42}.Debug|x86.ActiveCfg = Debug|Any CPU
		{92FEFA83-DDDB-4764-9749-4A42F21AFD42}.Debug|x86.Build.0 = Debug|Any CPU
		{92FEFA83-DDDB-4764-9749-4A42F21AFD42}.Release|Any CPU.ActiveCfg = Release|Any CPU
		{92FEFA83-DDDB-4764-9749-4A42F21AFD42}.Release|Any CPU.Build.0 = Release|Any CPU
		{92FEFA83-DDDB-4764-9749-4A42F21AFD42}.Release|x64.ActiveCfg = Release|Any CPU
		{92FEFA83-DDDB-4764-9749-4A42F21AFD42}.Release|x64.Build.0 = Release|Any CPU
		{92FEFA83-DDDB-4764-9749-4A42F21AFD42}.Release|x86.ActiveCfg = Release|Any CPU
		{92FEFA83-DDDB-4764-9749-4A42F21AFD42}.Release|x86.Build.0 = Release|Any CPU
		{5E4EAD3C-0199-4D9B-B9C9-5CA5DE1F5E7F}.Debug|Any CPU.ActiveCfg = Debug|Any CPU
		{5E4EAD3C-0199-4D9B-B9C9-5CA5DE1F5E7F}.Debug|Any CPU.Build.0 = Debug|Any CPU
		{5E4EAD3C-0199-4D9B-B9C9-5CA5DE1F5E7F}.Debug|x64.ActiveCfg = Debug|Any CPU
		{5E4EAD3C-0199-4D9B-B9C9-5CA5DE1F5E7F}.Debug|x64.Build.0 = Debug|Any CPU
		{5E4EAD3C-0199-4D9B-B9C9-5CA5DE1F5E7F}.Debug|x86.ActiveCfg = Debug|Any CPU
		{5E4EAD3C-0199-4D9B-B9C9-5CA5DE1F5E7F}.Debug|x86.Build.0 = Debug|Any CPU
		{5E4EAD3C-0199-4D9B-B9C9-5CA5DE1F5E7F}.Release|Any CPU.ActiveCfg = Release|Any CPU
		{5E4EAD3C-0199-4D9B-B9C9-5CA5DE1F5E7F}.Release|Any CPU.Build.0 = Release|Any CPU
		{5E4EAD3C-0199-4D9B-B9C9-5CA5DE1F5E7F}.Release|x64.ActiveCfg = Release|Any CPU
		{5E4EAD3C-0199-4D9B-B9C9-5CA5DE1F5E7F}.Release|x64.Build.0 = Release|Any CPU
		{5E4EAD3C-0199-4D9B-B9C9-5CA5DE1F5E7F}.Release|x86.ActiveCfg = Release|Any CPU
		{5E4EAD3C-0199-4D9B-B9C9-5CA5DE1F5E7F}.Release|x86.Build.0 = Release|Any CPU
	EndGlobalSection
	GlobalSection(SolutionProperties) = preSolution
		HideSolutionNode = FALSE
	EndGlobalSection
	GlobalSection(NestedProjects) = preSolution
		{F1CF3D43-F2ED-4DC4-A746-70FE8020FA21} = {827E0CD3-B72D-47B6-A68D-7590B98EB39B}
		{EA11F1C8-4078-41CE-BBE3-23D68B00E259} = {827E0CD3-B72D-47B6-A68D-7590B98EB39B}
		{09355CC2-B121-46D1-971F-3E39DEC68111} = {827E0CD3-B72D-47B6-A68D-7590B98EB39B}
		{07276D92-1F6E-4E6A-89A5-85BF653388A0} = {827E0CD3-B72D-47B6-A68D-7590B98EB39B}
		{90EB6589-9C5A-40C7-BB5C-BEE7676E8C39} = {827E0CD3-B72D-47B6-A68D-7590B98EB39B}
		{D86E4580-F6E4-4618-B41A-E8C5FE7D5E17} = {827E0CD3-B72D-47B6-A68D-7590B98EB39B}
		{5CD9F776-AE68-4C09-9C56-4B0766948209} = {827E0CD3-B72D-47B6-A68D-7590B98EB39B}
		{C1475DF9-F3A7-412D-88D0-777D9DDCE6C1} = {827E0CD3-B72D-47B6-A68D-7590B98EB39B}
		{459CA1C8-B9F8-41EE-A92F-7ADCF1546CE1} = {0AB3BF05-4346-4AA6-1389-037BE0695223}
		{92FEFA83-DDDB-4764-9749-4A42F21AFD42} = {0AB3BF05-4346-4AA6-1389-037BE0695223}
		{5E4EAD3C-0199-4D9B-B9C9-5CA5DE1F5E7F} = {0AB3BF05-4346-4AA6-1389-037BE0695223}
	EndGlobalSection
EndGlobal
